
Microsoft Visual Studio Solution File, Format Version 12.00
# Visual Studio Version 17
VisualStudioVersion = 17.4.33110.190
MinimumVisualStudioVersion = 10.0.40219.1
Project("{8BC9CEB8-8B4A-11D0-8D11-00A0C91BC942}") = "KMP-Algorithm-for-Pattern-Searching", "KMP-Algorithm-for-Pattern-Searching\KMP-Algorithm-for-Pattern-Searching.vcxproj", "{417687E9-5AB5-405A-9518-B199DD2080AB}"
EndProject
Global
	GlobalSection(SolutionConfigurationPlatforms) = preSolution
		Debug|x64 = Debug|x64
		Debug|x86 = Debug|x86
		Release|x64 = Release|x64
		Release|x86 = Release|x86
	EndGlobalSection
	GlobalSection(ProjectConfigurationPlatforms) = postSolution
		{417687E9-5AB5-405A-9518-B199DD2080AB}.Debug|x64.ActiveCfg = Debug|x64
		{417687E9-5AB5-405A-9518-B199DD2080AB}.Debug|x64.Build.0 = Debug|x64
		{417687E9-5AB5-405A-9518-B199DD2080AB}.Debug|x86.ActiveCfg = Debug|Win32
		{417687E9-5AB5-405A-9518-B199DD2080AB}.Debug|x86.Build.0 = Debug|Win32
		{417687E9-5AB5-405A-9518-B199DD2080AB}.Release|x64.ActiveCfg = Release|x64
		{417687E9-5AB5-405A-9518-B199DD2080AB}.Release|x64.Build.0 = Release|x64
		{417687E9-5AB5-405A-9518-B199DD2080AB}.Release|x86.ActiveCfg = Release|Win32
		{417687E9-5AB5-405A-9518-B199DD2080AB}.Release|x86.Build.0 = Release|Win32
	EndGlobalSection
	GlobalSection(SolutionProperties) = preSolution
		HideSolutionNode = FALSE
	EndGlobalSection
	GlobalSection(ExtensibilityGlobals) = postSolution
		SolutionGuid = {D4F0EB6F-CC0A-411E-B4E0-E3345424FD2F}
	EndGlobalSection
EndGlobal
